
Microsoft Visual Studio Solution File, Format Version 11.00
# Visual C# Express 2010
Project("{FAE04EC0-301F-11D3-BF4B-00C04F79EFBC}") = "max-species-age", "max-species-age.csproj", "{EAED092A-A693-43F8-8A9A-2D0955CF6275}"
EndProject
Global
	GlobalSection(SolutionConfigurationPlatforms) = preSolution
		Debug|Any CPU = Debug|Any CPU
		Release|Any CPU = Release|Any CPU
	EndGlobalSection
	GlobalSection(ProjectConfigurationPlatforms) = postSolution
		{EAED092A-A693-43F8-8A9A-2D0955CF6275}.Debug|Any CPU.ActiveCfg = Debug|Any CPU
		{EAED092A-A693-43F8-8A9A-2D0955CF6275}.Debug|Any CPU.Build.0 = Debug|Any CPU
		{EAED092A-A693-43F8-8A9A-2D0955CF6275}.Release|Any CPU.ActiveCfg = Release|Any CPU
		{EAED092A-A693-43F8-8A9A-2D0955CF6275}.Release|Any CPU.Build.0 = Release|Any CPU
	EndGlobalSection
	GlobalSection(SolutionProperties) = preSolution
		HideSolutionNode = FALSE
	EndGlobalSection
EndGlobal
